{
  "nodes": {
    "fenix": {
      "inputs": {
        "nixpkgs": [
          "riff",
          "nixpkgs"
        ],
        "rust-analyzer-src": "rust-analyzer-src"
      },
      "locked": {
        "lastModified": 1662186434,
        "narHash": "sha256-N867s0Z20q9LNirVftWoKAmkEARmmHXZHyRTEmekf94=",
        "owner": "nix-community",
        "repo": "fenix",
        "rev": "e228867146581fa5e4be25dafc0dd68fdd22f0ad",
        "type": "github"
      },
      "original": {
        "owner": "nix-community",
        "repo": "fenix",
        "type": "github"
      }
    },
    "home": {
      "inputs": {
        "nixpkgs": [
          "nixpkgs"
        ]
      },
      "locked": {
        "lastModified": 1665996265,
        "narHash": "sha256-/k9og6LDBQwT+f/tJ5ClcWiUl8kCX5m6ognhsAxOiCY=",
        "owner": "nix-community",
        "repo": "home-manager",
        "rev": "b81e128fc053ab3159d7b464d9b7dedc9d6a6891",
        "type": "github"
      },
      "original": {
        "owner": "nix-community",
        "ref": "release-22.05",
        "repo": "home-manager",
        "type": "github"
      }
    },
    "impermanence": {
      "locked": {
        "lastModified": 1661933071,
        "narHash": "sha256-RFgfzldpbCvS+H2qwH+EvNejvqs+NhPVD5j1I7HQQPY=",
        "owner": "nix-community",
        "repo": "impermanence",
        "rev": "def994adbdfc28974e87b0e4c949e776207d5557",
        "type": "github"
      },
      "original": {
        "owner": "nix-community",
        "ref": "master",
        "repo": "impermanence",
        "type": "github"
      }
    },
    "naersk": {
      "inputs": {
        "nixpkgs": [
          "riff",
          "nixpkgs"
        ]
      },
      "locked": {
        "lastModified": 1662220400,
        "narHash": "sha256-9o2OGQqu4xyLZP9K6kNe1pTHnyPz0Wr3raGYnr9AIgY=",
        "owner": "nix-community",
        "repo": "naersk",
        "rev": "6944160c19cb591eb85bbf9b2f2768a935623ed3",
        "type": "github"
      },
      "original": {
        "owner": "nix-community",
        "repo": "naersk",
        "type": "github"
      }
    },
    "nixpkgs": {
      "locked": {
        "lastModified": 1666164185,
        "narHash": "sha256-5v+YB4ijeUfg5LCz9ck4gIpCPhIS+qn02OyPJO48bCE=",
        "owner": "nixos",
        "repo": "nixpkgs",
        "rev": "c5203abb1329f7ea084c04acda330ca75d5b9fb5",
        "type": "github"
      },
      "original": {
        "owner": "nixos",
        "ref": "nixos-22.05",
        "repo": "nixpkgs",
        "type": "github"
      }
    },
    "nixpkgs-latest": {
      "locked": {
        "lastModified": 1666265675,
        "narHash": "sha256-oC312jZTq34uEiwHQyIFHFlSSuOJDOlxt1HyRUq1G+g=",
        "owner": "nixos",
        "repo": "nixpkgs",
        "rev": "bdc720fefec6495dda4dfb3599078484f17dea59",
        "type": "github"
      },
      "original": {
        "owner": "nixos",
        "ref": "master",
        "repo": "nixpkgs",
        "type": "github"
      }
    },
    "nixpkgs-unstable": {
      "locked": {
        "lastModified": 1666198336,
        "narHash": "sha256-VTrWD8Bb48h2pi57P1++LuvZIgum3gSLiRzZ/8q3rg0=",
        "owner": "nixos",
        "repo": "nixpkgs",
        "rev": "db25c4da285c5989b39e4ce13dea651a88b7a9d4",
        "type": "github"
      },
      "original": {
        "owner": "nixos",
        "ref": "nixos-unstable",
        "repo": "nixpkgs",
        "type": "github"
      }
    },
    "nvim-osc52": {
      "flake": false,
      "locked": {
        "lastModified": 1669126923,
        "narHash": "sha256-tr0MeOdXf9ndJpdoBy8vyahuPdwXk94JyEQO3ppzfkU=",
        "owner": "ojroques",
        "repo": "nvim-osc52",
        "rev": "5e7efbc047be9eca1307899137a89cd2b6b8125a",
        "type": "github"
      },
      "original": {
        "owner": "ojroques",
        "ref": "main",
        "repo": "nvim-osc52",
        "type": "github"
      }
    },
    "riff": {
      "inputs": {
        "fenix": "fenix",
        "naersk": "naersk",
        "nixpkgs": [
          "nixpkgs"
        ]
      },
      "locked": {
        "lastModified": 1665590088,
        "narHash": "sha256-7mnx7J0AacL2P2mNuNNB+kKE7VR8nniVG+PSrwpZixE=",
        "owner": "DeterminateSystems",
        "repo": "riff",
        "rev": "159e7c5b7ee3770828cc0c936d939de5d1b58f83",
        "type": "github"
      },
      "original": {
        "owner": "DeterminateSystems",
        "ref": "main",
        "repo": "riff",
        "type": "github"
      }
    },
    "root": {
      "inputs": {
        "home": "home",
        "impermanence": "impermanence",
        "nixpkgs": "nixpkgs",
        "nixpkgs-latest": "nixpkgs-latest",
        "nixpkgs-unstable": "nixpkgs-unstable",
        "nvim-osc52": "nvim-osc52",
        "riff": "riff"
      }
    },
    "rust-analyzer-src": {
      "flake": false,
      "locked": {
        "lastModified": 1662066014,
        "narHash": "sha256-DE4FsE2sxd9nFtG+8+lnv/IBbtf+6rAlKjIdfpWN488=",
        "owner": "rust-lang",
        "repo": "rust-analyzer",
        "rev": "93c52e41ec0d297c7512adf5936d8c464c820618",
        "type": "github"
      },
      "original": {
        "owner": "rust-lang",
        "ref": "nightly",
        "repo": "rust-analyzer",
        "type": "github"
      }
    }
  },
  "root": "root",
  "version": 7
}
