{
  "nodes": {
    "fenix": {
      "inputs": {
        "nixpkgs": [
          "riff",
          "nixpkgs"
        ],
        "rust-analyzer-src": "rust-analyzer-src"
      },
      "locked": {
        "lastModified": 1662186434,
        "narHash": "sha256-N867s0Z20q9LNirVftWoKAmkEARmmHXZHyRTEmekf94=",
        "owner": "nix-community",
        "repo": "fenix",
        "rev": "e228867146581fa5e4be25dafc0dd68fdd22f0ad",
        "type": "github"
      },
      "original": {
        "owner": "nix-community",
        "repo": "fenix",
        "type": "github"
      }
    },
    "home": {
      "inputs": {
        "nixpkgs": [
          "nixpkgs"
        ]
      },
      "locked": {
        "lastModified": 1667907331,
        "narHash": "sha256-bHkAwkYlBjkupPUFcQjimNS8gxWSWjOTevEuwdnp5m0=",
        "owner": "nix-community",
        "repo": "home-manager",
        "rev": "6639e3a837fc5deb6f99554072789724997bc8e5",
        "type": "github"
      },
      "original": {
        "owner": "nix-community",
        "ref": "release-22.05",
        "repo": "home-manager",
        "type": "github"
      }
    },
    "impermanence": {
      "locked": {
        "lastModified": 1668668915,
        "narHash": "sha256-QjY4ZZbs9shwO4LaLpvlU2bO9J1juYhO9NtV3nrbnYQ=",
        "owner": "nix-community",
        "repo": "impermanence",
        "rev": "5df9108b346f8a42021bf99e50de89c9caa251c3",
        "type": "github"
      },
      "original": {
        "owner": "nix-community",
        "ref": "master",
        "repo": "impermanence",
        "type": "github"
      }
    },
    "naersk": {
      "inputs": {
        "nixpkgs": [
          "riff",
          "nixpkgs"
        ]
      },
      "locked": {
        "lastModified": 1662220400,
        "narHash": "sha256-9o2OGQqu4xyLZP9K6kNe1pTHnyPz0Wr3raGYnr9AIgY=",
        "owner": "nix-community",
        "repo": "naersk",
        "rev": "6944160c19cb591eb85bbf9b2f2768a935623ed3",
        "type": "github"
      },
      "original": {
        "owner": "nix-community",
        "repo": "naersk",
        "type": "github"
      }
    },
    "nixpkgs": {
      "locked": {
        "lastModified": 1669378442,
        "narHash": "sha256-nm+4PN0A4SnV0SzEchxrMyKPvI3Ld/aoom4PnHeHucs=",
        "owner": "nixos",
        "repo": "nixpkgs",
        "rev": "0faaf0a9bb6dedb69bfd43ac06fb27fadc476c51",
        "type": "github"
      },
      "original": {
        "owner": "nixos",
        "ref": "nixos-22.05",
        "repo": "nixpkgs",
        "type": "github"
      }
    },
    "nixpkgs-latest": {
      "locked": {
        "lastModified": 1669486544,
        "narHash": "sha256-QoStzsP3Xn9wR1OgGgZpjdoxMRJYZzcAmvxadpUmGOg=",
        "owner": "nixos",
        "repo": "nixpkgs",
        "rev": "c1a272ab1bd5f9faf00c068b031a18abb722485f",
        "type": "github"
      },
      "original": {
        "owner": "nixos",
        "ref": "master",
        "repo": "nixpkgs",
        "type": "github"
      }
    },
    "nixpkgs-unstable": {
      "locked": {
        "lastModified": 1669411043,
        "narHash": "sha256-LfPd3+EY+jaIHTRIEOUtHXuanxm59YKgUacmSzaqMLc=",
        "owner": "nixos",
        "repo": "nixpkgs",
        "rev": "5dc7114b7b256d217fe7752f1614be2514e61bb8",
        "type": "github"
      },
      "original": {
        "owner": "nixos",
        "ref": "nixos-unstable",
        "repo": "nixpkgs",
        "type": "github"
      }
    },
    "nvim-osc52": {
      "flake": false,
      "locked": {
        "lastModified": 1669126923,
        "narHash": "sha256-tr0MeOdXf9ndJpdoBy8vyahuPdwXk94JyEQO3ppzfkU=",
        "owner": "ojroques",
        "repo": "nvim-osc52",
        "rev": "5e7efbc047be9eca1307899137a89cd2b6b8125a",
        "type": "github"
      },
      "original": {
        "owner": "ojroques",
        "ref": "main",
        "repo": "nvim-osc52",
        "type": "github"
      }
    },
    "riff": {
      "inputs": {
        "fenix": "fenix",
        "naersk": "naersk",
        "nixpkgs": [
          "nixpkgs"
        ]
      },
      "locked": {
        "lastModified": 1665590088,
        "narHash": "sha256-7mnx7J0AacL2P2mNuNNB+kKE7VR8nniVG+PSrwpZixE=",
        "owner": "DeterminateSystems",
        "repo": "riff",
        "rev": "159e7c5b7ee3770828cc0c936d939de5d1b58f83",
        "type": "github"
      },
      "original": {
        "owner": "DeterminateSystems",
        "ref": "main",
        "repo": "riff",
        "type": "github"
      }
    },
    "root": {
      "inputs": {
        "home": "home",
        "impermanence": "impermanence",
        "nixpkgs": "nixpkgs",
        "nixpkgs-latest": "nixpkgs-latest",
        "nixpkgs-unstable": "nixpkgs-unstable",
        "nvim-osc52": "nvim-osc52",
        "riff": "riff"
      }
    },
    "rust-analyzer-src": {
      "flake": false,
      "locked": {
        "lastModified": 1662066014,
        "narHash": "sha256-DE4FsE2sxd9nFtG+8+lnv/IBbtf+6rAlKjIdfpWN488=",
        "owner": "rust-lang",
        "repo": "rust-analyzer",
        "rev": "93c52e41ec0d297c7512adf5936d8c464c820618",
        "type": "github"
      },
      "original": {
        "owner": "rust-lang",
        "ref": "nightly",
        "repo": "rust-analyzer",
        "type": "github"
      }
    }
  },
  "root": "root",
  "version": 7
}
